
Microsoft Visual Studio Solution File, Format Version 12.00
# Visual Studio Version 17
VisualStudioVersion = 17.2.32630.192
MinimumVisualStudioVersion = 10.0.40219.1
Project("{9A19103F-16F7-4668-BE54-9A1E7A4F7556}") = "R5T.S0037", "R5T.S0037\R5T.S0037.csproj", "{1184D194-0C3C-4F5F-A8C2-7CE6F340E846}"
EndProject
Project("{2150E333-8FDC-42A3-9474-1A3956D46DE8}") = "_Dependencies", "_Dependencies", "{5AECFF74-6CEF-4B9B-8524-135B2B720090}"
EndProject
Project("{9A19103F-16F7-4668-BE54-9A1E7A4F7556}") = "R5T.S0037.Lib", "R5T.S0037.Lib\R5T.S0037.Lib.csproj", "{F4DF5F9F-86DC-4A39-8933-542A45A09A47}"
EndProject
Project("{9A19103F-16F7-4668-BE54-9A1E7A4F7556}") = "R5T.Magyar", "..\..\R5T.Magyar\source\R5T.Magyar\R5T.Magyar.csproj", "{85B45BFE-7A6B-4DC0-86A5-35473ADDF458}"
EndProject
Project("{9A19103F-16F7-4668-BE54-9A1E7A4F7556}") = "R5T.X0007", "..\..\R5T.X0007\source\R5T.X0007\R5T.X0007.csproj", "{7AA27E5E-1FCC-4355-8AF0-E2470A03FB64}"
EndProject
Project("{9A19103F-16F7-4668-BE54-9A1E7A4F7556}") = "R5T.B0006.X0001", "..\..\R5T.B0006.X0001\source\R5T.B0006.X0001\R5T.B0006.X0001.csproj", "{FF8FBB0F-749B-4349-ADF1-871D0CCB29C9}"
EndProject
Project("{9A19103F-16F7-4668-BE54-9A1E7A4F7556}") = "R5T.B0006", "..\..\R5T.B0006\source\R5T.B0006\R5T.B0006.csproj", "{EBDD7A2A-9272-47AE-A8A1-5C430E25B0F4}"
EndProject
Project("{9A19103F-16F7-4668-BE54-9A1E7A4F7556}") = "R5T.T0039.T002", "..\..\R5T.T0039\source\R5T.T0039.T002\R5T.T0039.T002.csproj", "{A22A7D46-4C09-41E4-9665-C9AA3A004F0D}"
EndProject
Project("{9A19103F-16F7-4668-BE54-9A1E7A4F7556}") = "R5T.F0004", "..\..\R5T.F0004\source\R5T.F0004\R5T.F0004.csproj", "{112CB335-6A22-4E17-A304-7B930EFB20DB}"
EndProject
Project("{9A19103F-16F7-4668-BE54-9A1E7A4F7556}") = "R5T.L0011", "..\..\R5T.L0011\source\R5T.L0011\R5T.L0011.csproj", "{B6DA4036-2A34-4331-90DE-CBBC2836B047}"
EndProject
Project("{9A19103F-16F7-4668-BE54-9A1E7A4F7556}") = "R5T.T0132", "..\..\R5T.T0132\source\R5T.T0132\R5T.T0132.csproj", "{B72D4D26-1122-49FA-9546-BAD749790D50}"
EndProject
Project("{9A19103F-16F7-4668-BE54-9A1E7A4F7556}") = "R5T.B0006.X0002", "..\..\R5T.B0006.X0002\source\R5T.B0006.X0002\R5T.B0006.X0002.csproj", "{2E72B489-6C09-4052-88A1-31C6B302C940}"
EndProject
Project("{9A19103F-16F7-4668-BE54-9A1E7A4F7556}") = "R5T.F0005", "..\..\R5T.F0005\source\R5T.F0005\R5T.F0005.csproj", "{F4BD1099-653F-4C9F-939F-7EC94CBE4159}"
EndProject
Project("{9A19103F-16F7-4668-BE54-9A1E7A4F7556}") = "R5T.X0005", "..\..\R5T.X0005\source\R5T.X0005\R5T.X0005.csproj", "{88DA83C0-0DC2-42BC-A5E4-A4A5BF1C55F4}"
EndProject
Project("{9A19103F-16F7-4668-BE54-9A1E7A4F7556}") = "R5T.F0003", "..\..\R5T.F0003\source\R5T.F0003\R5T.F0003.csproj", "{A400A49A-4779-457E-B554-AE87FE8A6249}"
EndProject
Project("{9A19103F-16F7-4668-BE54-9A1E7A4F7556}") = "R5T.T0131", "..\..\R5T.T0131\source\R5T.T0131\R5T.T0131.csproj", "{B372DE75-6CC2-47D0-BEB9-8AAC9240AF0A}"
EndProject
Project("{9A19103F-16F7-4668-BE54-9A1E7A4F7556}") = "R5T.T0143", "..\..\R5T.T0143\source\R5T.T0143\R5T.T0143.csproj", "{8C2E7B78-83E4-4293-84D0-D9F96AC22A80}"
EndProject
Project("{9A19103F-16F7-4668-BE54-9A1E7A4F7556}") = "R5T.T0156", "..\..\R5T.T0156\source\R5T.T0156\R5T.T0156.csproj", "{12963135-68A8-4106-8FC2-7FE1A7D6BE25}"
EndProject
Project("{9A19103F-16F7-4668-BE54-9A1E7A4F7556}") = "R5T.Y0000", "..\..\R5T.Y0000\source\R5T.Y0000\R5T.Y0000.csproj", "{7E3E3718-88C4-4E1A-B1A5-47AAB800809D}"
EndProject
Project("{9A19103F-16F7-4668-BE54-9A1E7A4F7556}") = "R5T.Z0000", "..\..\R5T.Z0000\source\R5T.Z0000\R5T.Z0000.csproj", "{41D6D524-FB23-475E-B912-72DCA05C45AC}"
EndProject
Global
	GlobalSection(NestedProjects) = preSolution
		{85B45BFE-7A6B-4DC0-86A5-35473ADDF458} = {5AECFF74-6CEF-4B9B-8524-135B2B720090}
		{7AA27E5E-1FCC-4355-8AF0-E2470A03FB64} = {5AECFF74-6CEF-4B9B-8524-135B2B720090}
		{FF8FBB0F-749B-4349-ADF1-871D0CCB29C9} = {5AECFF74-6CEF-4B9B-8524-135B2B720090}
		{EBDD7A2A-9272-47AE-A8A1-5C430E25B0F4} = {5AECFF74-6CEF-4B9B-8524-135B2B720090}
		{A22A7D46-4C09-41E4-9665-C9AA3A004F0D} = {5AECFF74-6CEF-4B9B-8524-135B2B720090}
		{112CB335-6A22-4E17-A304-7B930EFB20DB} = {5AECFF74-6CEF-4B9B-8524-135B2B720090}
		{B6DA4036-2A34-4331-90DE-CBBC2836B047} = {5AECFF74-6CEF-4B9B-8524-135B2B720090}
		{B72D4D26-1122-49FA-9546-BAD749790D50} = {5AECFF74-6CEF-4B9B-8524-135B2B720090}
		{2E72B489-6C09-4052-88A1-31C6B302C940} = {5AECFF74-6CEF-4B9B-8524-135B2B720090}
		{F4BD1099-653F-4C9F-939F-7EC94CBE4159} = {5AECFF74-6CEF-4B9B-8524-135B2B720090}
		{88DA83C0-0DC2-42BC-A5E4-A4A5BF1C55F4} = {5AECFF74-6CEF-4B9B-8524-135B2B720090}
		{A400A49A-4779-457E-B554-AE87FE8A6249} = {5AECFF74-6CEF-4B9B-8524-135B2B720090}
		{B372DE75-6CC2-47D0-BEB9-8AAC9240AF0A} = {5AECFF74-6CEF-4B9B-8524-135B2B720090}
		{8C2E7B78-83E4-4293-84D0-D9F96AC22A80} = {5AECFF74-6CEF-4B9B-8524-135B2B720090}
		{12963135-68A8-4106-8FC2-7FE1A7D6BE25} = {5AECFF74-6CEF-4B9B-8524-135B2B720090}
		{7E3E3718-88C4-4E1A-B1A5-47AAB800809D} = {5AECFF74-6CEF-4B9B-8524-135B2B720090}
		{41D6D524-FB23-475E-B912-72DCA05C45AC} = {5AECFF74-6CEF-4B9B-8524-135B2B720090}
	EndGlobalSection
	GlobalSection(SolutionConfigurationPlatforms) = preSolution
		Debug|Any CPU = Debug|Any CPU
		Debug|x64 = Debug|x64
		Debug|x86 = Debug|x86
		Release|Any CPU = Release|Any CPU
		Release|x64 = Release|x64
		Release|x86 = Release|x86
	EndGlobalSection
	GlobalSection(ProjectConfigurationPlatforms) = postSolution
		{1184D194-0C3C-4F5F-A8C2-7CE6F340E846}.Debug|Any CPU.ActiveCfg = Debug|Any CPU
		{1184D194-0C3C-4F5F-A8C2-7CE6F340E846}.Debug|Any CPU.Build.0 = Debug|Any CPU
		{1184D194-0C3C-4F5F-A8C2-7CE6F340E846}.Debug|x64.ActiveCfg = Debug|Any CPU
		{1184D194-0C3C-4F5F-A8C2-7CE6F340E846}.Debug|x64.Build.0 = Debug|Any CPU
		{1184D194-0C3C-4F5F-A8C2-7CE6F340E846}.Debug|x86.ActiveCfg = Debug|Any CPU
		{1184D194-0C3C-4F5F-A8C2-7CE6F340E846}.Debug|x86.Build.0 = Debug|Any CPU
		{1184D194-0C3C-4F5F-A8C2-7CE6F340E846}.Release|Any CPU.ActiveCfg = Release|Any CPU
		{1184D194-0C3C-4F5F-A8C2-7CE6F340E846}.Release|Any CPU.Build.0 = Release|Any CPU
		{1184D194-0C3C-4F5F-A8C2-7CE6F340E846}.Release|x64.ActiveCfg = Release|Any CPU
		{1184D194-0C3C-4F5F-A8C2-7CE6F340E846}.Release|x64.Build.0 = Release|Any CPU
		{1184D194-0C3C-4F5F-A8C2-7CE6F340E846}.Release|x86.ActiveCfg = Release|Any CPU
		{1184D194-0C3C-4F5F-A8C2-7CE6F340E846}.Release|x86.Build.0 = Release|Any CPU
		{F4DF5F9F-86DC-4A39-8933-542A45A09A47}.Debug|Any CPU.ActiveCfg = Debug|Any CPU
		{F4DF5F9F-86DC-4A39-8933-542A45A09A47}.Debug|Any CPU.Build.0 = Debug|Any CPU
		{F4DF5F9F-86DC-4A39-8933-542A45A09A47}.Debug|x64.ActiveCfg = Debug|Any CPU
		{F4DF5F9F-86DC-4A39-8933-542A45A09A47}.Debug|x64.Build.0 = Debug|Any CPU
		{F4DF5F9F-86DC-4A39-8933-542A45A09A47}.Debug|x86.ActiveCfg = Debug|Any CPU
		{F4DF5F9F-86DC-4A39-8933-542A45A09A47}.Debug|x86.Build.0 = Debug|Any CPU
		{F4DF5F9F-86DC-4A39-8933-542A45A09A47}.Release|Any CPU.ActiveCfg = Release|Any CPU
		{F4DF5F9F-86DC-4A39-8933-542A45A09A47}.Release|Any CPU.Build.0 = Release|Any CPU
		{F4DF5F9F-86DC-4A39-8933-542A45A09A47}.Release|x64.ActiveCfg = Release|Any CPU
		{F4DF5F9F-86DC-4A39-8933-542A45A09A47}.Release|x64.Build.0 = Release|Any CPU
		{F4DF5F9F-86DC-4A39-8933-542A45A09A47}.Release|x86.ActiveCfg = Release|Any CPU
		{F4DF5F9F-86DC-4A39-8933-542A45A09A47}.Release|x86.Build.0 = Release|Any CPU
		{85B45BFE-7A6B-4DC0-86A5-35473ADDF458}.Debug|Any CPU.ActiveCfg = Debug|Any CPU
		{85B45BFE-7A6B-4DC0-86A5-35473ADDF458}.Debug|Any CPU.Build.0 = Debug|Any CPU
		{85B45BFE-7A6B-4DC0-86A5-35473ADDF458}.Debug|x64.ActiveCfg = Debug|Any CPU
		{85B45BFE-7A6B-4DC0-86A5-35473ADDF458}.Debug|x64.Build.0 = Debug|Any CPU
		{85B45BFE-7A6B-4DC0-86A5-35473ADDF458}.Debug|x86.ActiveCfg = Debug|Any CPU
		{85B45BFE-7A6B-4DC0-86A5-35473ADDF458}.Debug|x86.Build.0 = Debug|Any CPU
		{85B45BFE-7A6B-4DC0-86A5-35473ADDF458}.Release|Any CPU.ActiveCfg = Release|Any CPU
		{85B45BFE-7A6B-4DC0-86A5-35473ADDF458}.Release|Any CPU.Build.0 = Release|Any CPU
		{85B45BFE-7A6B-4DC0-86A5-35473ADDF458}.Release|x64.ActiveCfg = Release|Any CPU
		{85B45BFE-7A6B-4DC0-86A5-35473ADDF458}.Release|x64.Build.0 = Release|Any CPU
		{85B45BFE-7A6B-4DC0-86A5-35473ADDF458}.Release|x86.ActiveCfg = Release|Any CPU
		{85B45BFE-7A6B-4DC0-86A5-35473ADDF458}.Release|x86.Build.0 = Release|Any CPU
		{7AA27E5E-1FCC-4355-8AF0-E2470A03FB64}.Debug|Any CPU.ActiveCfg = Debug|Any CPU
		{7AA27E5E-1FCC-4355-8AF0-E2470A03FB64}.Debug|Any CPU.Build.0 = Debug|Any CPU
		{7AA27E5E-1FCC-4355-8AF0-E2470A03FB64}.Debug|x64.ActiveCfg = Debug|Any CPU
		{7AA27E5E-1FCC-4355-8AF0-E2470A03FB64}.Debug|x64.Build.0 = Debug|Any CPU
		{7AA27E5E-1FCC-4355-8AF0-E2470A03FB64}.Debug|x86.ActiveCfg = Debug|Any CPU
		{7AA27E5E-1FCC-4355-8AF0-E2470A03FB64}.Debug|x86.Build.0 = Debug|Any CPU
		{7AA27E5E-1FCC-4355-8AF0-E2470A03FB64}.Release|Any CPU.ActiveCfg = Release|Any CPU
		{7AA27E5E-1FCC-4355-8AF0-E2470A03FB64}.Release|Any CPU.Build.0 = Release|Any CPU
		{7AA27E5E-1FCC-4355-8AF0-E2470A03FB64}.Release|x64.ActiveCfg = Release|Any CPU
		{7AA27E5E-1FCC-4355-8AF0-E2470A03FB64}.Release|x64.Build.0 = Release|Any CPU
		{7AA27E5E-1FCC-4355-8AF0-E2470A03FB64}.Release|x86.ActiveCfg = Release|Any CPU
		{7AA27E5E-1FCC-4355-8AF0-E2470A03FB64}.Release|x86.Build.0 = Release|Any CPU
		{FF8FBB0F-749B-4349-ADF1-871D0CCB29C9}.Debug|Any CPU.ActiveCfg = Debug|Any CPU
		{FF8FBB0F-749B-4349-ADF1-871D0CCB29C9}.Debug|Any CPU.Build.0 = Debug|Any CPU
		{FF8FBB0F-749B-4349-ADF1-871D0CCB29C9}.Debug|x64.ActiveCfg = Debug|Any CPU
		{FF8FBB0F-749B-4349-ADF1-871D0CCB29C9}.Debug|x64.Build.0 = Debug|Any CPU
		{FF8FBB0F-749B-4349-ADF1-871D0CCB29C9}.Debug|x86.ActiveCfg = Debug|Any CPU
		{FF8FBB0F-749B-4349-ADF1-871D0CCB29C9}.Debug|x86.Build.0 = Debug|Any CPU
		{FF8FBB0F-749B-4349-ADF1-871D0CCB29C9}.Release|Any CPU.ActiveCfg = Release|Any CPU
		{FF8FBB0F-749B-4349-ADF1-871D0CCB29C9}.Release|Any CPU.Build.0 = Release|Any CPU
		{FF8FBB0F-749B-4349-ADF1-871D0CCB29C9}.Release|x64.ActiveCfg = Release|Any CPU
		{FF8FBB0F-749B-4349-ADF1-871D0CCB29C9}.Release|x64.Build.0 = Release|Any CPU
		{FF8FBB0F-749B-4349-ADF1-871D0CCB29C9}.Release|x86.ActiveCfg = Release|Any CPU
		{FF8FBB0F-749B-4349-ADF1-871D0CCB29C9}.Release|x86.Build.0 = Release|Any CPU
		{EBDD7A2A-9272-47AE-A8A1-5C430E25B0F4}.Debug|Any CPU.ActiveCfg = Debug|Any CPU
		{EBDD7A2A-9272-47AE-A8A1-5C430E25B0F4}.Debug|Any CPU.Build.0 = Debug|Any CPU
		{EBDD7A2A-9272-47AE-A8A1-5C430E25B0F4}.Debug|x64.ActiveCfg = Debug|Any CPU
		{EBDD7A2A-9272-47AE-A8A1-5C430E25B0F4}.Debug|x64.Build.0 = Debug|Any CPU
		{EBDD7A2A-9272-47AE-A8A1-5C430E25B0F4}.Debug|x86.ActiveCfg = Debug|Any CPU
		{EBDD7A2A-9272-47AE-A8A1-5C430E25B0F4}.Debug|x86.Build.0 = Debug|Any CPU
		{EBDD7A2A-9272-47AE-A8A1-5C430E25B0F4}.Release|Any CPU.ActiveCfg = Release|Any CPU
		{EBDD7A2A-9272-47AE-A8A1-5C430E25B0F4}.Release|Any CPU.Build.0 = Release|Any CPU
		{EBDD7A2A-9272-47AE-A8A1-5C430E25B0F4}.Release|x64.ActiveCfg = Release|Any CPU
		{EBDD7A2A-9272-47AE-A8A1-5C430E25B0F4}.Release|x64.Build.0 = Release|Any CPU
		{EBDD7A2A-9272-47AE-A8A1-5C430E25B0F4}.Release|x86.ActiveCfg = Release|Any CPU
		{EBDD7A2A-9272-47AE-A8A1-5C430E25B0F4}.Release|x86.Build.0 = Release|Any CPU
		{A22A7D46-4C09-41E4-9665-C9AA3A004F0D}.Debug|Any CPU.ActiveCfg = Debug|Any CPU
		{A22A7D46-4C09-41E4-9665-C9AA3A004F0D}.Debug|Any CPU.Build.0 = Debug|Any CPU
		{A22A7D46-4C09-41E4-9665-C9AA3A004F0D}.Debug|x64.ActiveCfg = Debug|Any CPU
		{A22A7D46-4C09-41E4-9665-C9AA3A004F0D}.Debug|x64.Build.0 = Debug|Any CPU
		{A22A7D46-4C09-41E4-9665-C9AA3A004F0D}.Debug|x86.ActiveCfg = Debug|Any CPU
		{A22A7D46-4C09-41E4-9665-C9AA3A004F0D}.Debug|x86.Build.0 = Debug|Any CPU
		{A22A7D46-4C09-41E4-9665-C9AA3A004F0D}.Release|Any CPU.ActiveCfg = Release|Any CPU
		{A22A7D46-4C09-41E4-9665-C9AA3A004F0D}.Release|Any CPU.Build.0 = Release|Any CPU
		{A22A7D46-4C09-41E4-9665-C9AA3A004F0D}.Release|x64.ActiveCfg = Release|Any CPU
		{A22A7D46-4C09-41E4-9665-C9AA3A004F0D}.Release|x64.Build.0 = Release|Any CPU
		{A22A7D46-4C09-41E4-9665-C9AA3A004F0D}.Release|x86.ActiveCfg = Release|Any CPU
		{A22A7D46-4C09-41E4-9665-C9AA3A004F0D}.Release|x86.Build.0 = Release|Any CPU
		{112CB335-6A22-4E17-A304-7B930EFB20DB}.Debug|Any CPU.ActiveCfg = Debug|Any CPU
		{112CB335-6A22-4E17-A304-7B930EFB20DB}.Debug|Any CPU.Build.0 = Debug|Any CPU
		{112CB335-6A22-4E17-A304-7B930EFB20DB}.Debug|x64.ActiveCfg = Debug|Any CPU
		{112CB335-6A22-4E17-A304-7B930EFB20DB}.Debug|x64.Build.0 = Debug|Any CPU
		{112CB335-6A22-4E17-A304-7B930EFB20DB}.Debug|x86.ActiveCfg = Debug|Any CPU
		{112CB335-6A22-4E17-A304-7B930EFB20DB}.Debug|x86.Build.0 = Debug|Any CPU
		{112CB335-6A22-4E17-A304-7B930EFB20DB}.Release|Any CPU.ActiveCfg = Release|Any CPU
		{112CB335-6A22-4E17-A304-7B930EFB20DB}.Release|Any CPU.Build.0 = Release|Any CPU
		{112CB335-6A22-4E17-A304-7B930EFB20DB}.Release|x64.ActiveCfg = Release|Any CPU
		{112CB335-6A22-4E17-A304-7B930EFB20DB}.Release|x64.Build.0 = Release|Any CPU
		{112CB335-6A22-4E17-A304-7B930EFB20DB}.Release|x86.ActiveCfg = Release|Any CPU
		{112CB335-6A22-4E17-A304-7B930EFB20DB}.Release|x86.Build.0 = Release|Any CPU
		{B6DA4036-2A34-4331-90DE-CBBC2836B047}.Debug|Any CPU.ActiveCfg = Debug|Any CPU
		{B6DA4036-2A34-4331-90DE-CBBC2836B047}.Debug|Any CPU.Build.0 = Debug|Any CPU
		{B6DA4036-2A34-4331-90DE-CBBC2836B047}.Debug|x64.ActiveCfg = Debug|Any CPU
		{B6DA4036-2A34-4331-90DE-CBBC2836B047}.Debug|x64.Build.0 = Debug|Any CPU
		{B6DA4036-2A34-4331-90DE-CBBC2836B047}.Debug|x86.ActiveCfg = Debug|Any CPU
		{B6DA4036-2A34-4331-90DE-CBBC2836B047}.Debug|x86.Build.0 = Debug|Any CPU
		{B6DA4036-2A34-4331-90DE-CBBC2836B047}.Release|Any CPU.ActiveCfg = Release|Any CPU
		{B6DA4036-2A34-4331-90DE-CBBC2836B047}.Release|Any CPU.Build.0 = Release|Any CPU
		{B6DA4036-2A34-4331-90DE-CBBC2836B047}.Release|x64.ActiveCfg = Release|Any CPU
		{B6DA4036-2A34-4331-90DE-CBBC2836B047}.Release|x64.Build.0 = Release|Any CPU
		{B6DA4036-2A34-4331-90DE-CBBC2836B047}.Release|x86.ActiveCfg = Release|Any CPU
		{B6DA4036-2A34-4331-90DE-CBBC2836B047}.Release|x86.Build.0 = Release|Any CPU
		{B72D4D26-1122-49FA-9546-BAD749790D50}.Debug|Any CPU.ActiveCfg = Debug|Any CPU
		{B72D4D26-1122-49FA-9546-BAD749790D50}.Debug|Any CPU.Build.0 = Debug|Any CPU
		{B72D4D26-1122-49FA-9546-BAD749790D50}.Debug|x64.ActiveCfg = Debug|Any CPU
		{B72D4D26-1122-49FA-9546-BAD749790D50}.Debug|x64.Build.0 = Debug|Any CPU
		{B72D4D26-1122-49FA-9546-BAD749790D50}.Debug|x86.ActiveCfg = Debug|Any CPU
		{B72D4D26-1122-49FA-9546-BAD749790D50}.Debug|x86.Build.0 = Debug|Any CPU
		{B72D4D26-1122-49FA-9546-BAD749790D50}.Release|Any CPU.ActiveCfg = Release|Any CPU
		{B72D4D26-1122-49FA-9546-BAD749790D50}.Release|Any CPU.Build.0 = Release|Any CPU
		{B72D4D26-1122-49FA-9546-BAD749790D50}.Release|x64.ActiveCfg = Release|Any CPU
		{B72D4D26-1122-49FA-9546-BAD749790D50}.Release|x64.Build.0 = Release|Any CPU
		{B72D4D26-1122-49FA-9546-BAD749790D50}.Release|x86.ActiveCfg = Release|Any CPU
		{B72D4D26-1122-49FA-9546-BAD749790D50}.Release|x86.Build.0 = Release|Any CPU
		{2E72B489-6C09-4052-88A1-31C6B302C940}.Debug|Any CPU.ActiveCfg = Debug|Any CPU
		{2E72B489-6C09-4052-88A1-31C6B302C940}.Debug|Any CPU.Build.0 = Debug|Any CPU
		{2E72B489-6C09-4052-88A1-31C6B302C940}.Debug|x64.ActiveCfg = Debug|Any CPU
		{2E72B489-6C09-4052-88A1-31C6B302C940}.Debug|x64.Build.0 = Debug|Any CPU
		{2E72B489-6C09-4052-88A1-31C6B302C940}.Debug|x86.ActiveCfg = Debug|Any CPU
		{2E72B489-6C09-4052-88A1-31C6B302C940}.Debug|x86.Build.0 = Debug|Any CPU
		{2E72B489-6C09-4052-88A1-31C6B302C940}.Release|Any CPU.ActiveCfg = Release|Any CPU
		{2E72B489-6C09-4052-88A1-31C6B302C940}.Release|Any CPU.Build.0 = Release|Any CPU
		{2E72B489-6C09-4052-88A1-31C6B302C940}.Release|x64.ActiveCfg = Release|Any CPU
		{2E72B489-6C09-4052-88A1-31C6B302C940}.Release|x64.Build.0 = Release|Any CPU
		{2E72B489-6C09-4052-88A1-31C6B302C940}.Release|x86.ActiveCfg = Release|Any CPU
		{2E72B489-6C09-4052-88A1-31C6B302C940}.Release|x86.Build.0 = Release|Any CPU
		{F4BD1099-653F-4C9F-939F-7EC94CBE4159}.Debug|Any CPU.ActiveCfg = Debug|Any CPU
		{F4BD1099-653F-4C9F-939F-7EC94CBE4159}.Debug|Any CPU.Build.0 = Debug|Any CPU
		{F4BD1099-653F-4C9F-939F-7EC94CBE4159}.Debug|x64.ActiveCfg = Debug|Any CPU
		{F4BD1099-653F-4C9F-939F-7EC94CBE4159}.Debug|x64.Build.0 = Debug|Any CPU
		{F4BD1099-653F-4C9F-939F-7EC94CBE4159}.Debug|x86.ActiveCfg = Debug|Any CPU
		{F4BD1099-653F-4C9F-939F-7EC94CBE4159}.Debug|x86.Build.0 = Debug|Any CPU
		{F4BD1099-653F-4C9F-939F-7EC94CBE4159}.Release|Any CPU.ActiveCfg = Release|Any CPU
		{F4BD1099-653F-4C9F-939F-7EC94CBE4159}.Release|Any CPU.Build.0 = Release|Any CPU
		{F4BD1099-653F-4C9F-939F-7EC94CBE4159}.Release|x64.ActiveCfg = Release|Any CPU
		{F4BD1099-653F-4C9F-939F-7EC94CBE4159}.Release|x64.Build.0 = Release|Any CPU
		{F4BD1099-653F-4C9F-939F-7EC94CBE4159}.Release|x86.ActiveCfg = Release|Any CPU
		{F4BD1099-653F-4C9F-939F-7EC94CBE4159}.Release|x86.Build.0 = Release|Any CPU
		{88DA83C0-0DC2-42BC-A5E4-A4A5BF1C55F4}.Debug|Any CPU.ActiveCfg = Debug|Any CPU
		{88DA83C0-0DC2-42BC-A5E4-A4A5BF1C55F4}.Debug|Any CPU.Build.0 = Debug|Any CPU
		{88DA83C0-0DC2-42BC-A5E4-A4A5BF1C55F4}.Debug|x64.ActiveCfg = Debug|Any CPU
		{88DA83C0-0DC2-42BC-A5E4-A4A5BF1C55F4}.Debug|x64.Build.0 = Debug|Any CPU
		{88DA83C0-0DC2-42BC-A5E4-A4A5BF1C55F4}.Debug|x86.ActiveCfg = Debug|Any CPU
		{88DA83C0-0DC2-42BC-A5E4-A4A5BF1C55F4}.Debug|x86.Build.0 = Debug|Any CPU
		{88DA83C0-0DC2-42BC-A5E4-A4A5BF1C55F4}.Release|Any CPU.ActiveCfg = Release|Any CPU
		{88DA83C0-0DC2-42BC-A5E4-A4A5BF1C55F4}.Release|Any CPU.Build.0 = Release|Any CPU
		{88DA83C0-0DC2-42BC-A5E4-A4A5BF1C55F4}.Release|x64.ActiveCfg = Release|Any CPU
		{88DA83C0-0DC2-42BC-A5E4-A4A5BF1C55F4}.Release|x64.Build.0 = Release|Any CPU
		{88DA83C0-0DC2-42BC-A5E4-A4A5BF1C55F4}.Release|x86.ActiveCfg = Release|Any CPU
		{88DA83C0-0DC2-42BC-A5E4-A4A5BF1C55F4}.Release|x86.Build.0 = Release|Any CPU
		{A400A49A-4779-457E-B554-AE87FE8A6249}.Debug|Any CPU.ActiveCfg = Debug|Any CPU
		{A400A49A-4779-457E-B554-AE87FE8A6249}.Debug|Any CPU.Build.0 = Debug|Any CPU
		{A400A49A-4779-457E-B554-AE87FE8A6249}.Debug|x64.ActiveCfg = Debug|Any CPU
		{A400A49A-4779-457E-B554-AE87FE8A6249}.Debug|x64.Build.0 = Debug|Any CPU
		{A400A49A-4779-457E-B554-AE87FE8A6249}.Debug|x86.ActiveCfg = Debug|Any CPU
		{A400A49A-4779-457E-B554-AE87FE8A6249}.Debug|x86.Build.0 = Debug|Any CPU
		{A400A49A-4779-457E-B554-AE87FE8A6249}.Release|Any CPU.ActiveCfg = Release|Any CPU
		{A400A49A-4779-457E-B554-AE87FE8A6249}.Release|Any CPU.Build.0 = Release|Any CPU
		{A400A49A-4779-457E-B554-AE87FE8A6249}.Release|x64.ActiveCfg = Release|Any CPU
		{A400A49A-4779-457E-B554-AE87FE8A6249}.Release|x64.Build.0 = Release|Any CPU
		{A400A49A-4779-457E-B554-AE87FE8A6249}.Release|x86.ActiveCfg = Release|Any CPU
		{A400A49A-4779-457E-B554-AE87FE8A6249}.Release|x86.Build.0 = Release|Any CPU
		{B372DE75-6CC2-47D0-BEB9-8AAC9240AF0A}.Debug|Any CPU.ActiveCfg = Debug|Any CPU
		{B372DE75-6CC2-47D0-BEB9-8AAC9240AF0A}.Debug|Any CPU.Build.0 = Debug|Any CPU
		{B372DE75-6CC2-47D0-BEB9-8AAC9240AF0A}.Debug|x64.ActiveCfg = Debug|Any CPU
		{B372DE75-6CC2-47D0-BEB9-8AAC9240AF0A}.Debug|x64.Build.0 = Debug|Any CPU
		{B372DE75-6CC2-47D0-BEB9-8AAC9240AF0A}.Debug|x86.ActiveCfg = Debug|Any CPU
		{B372DE75-6CC2-47D0-BEB9-8AAC9240AF0A}.Debug|x86.Build.0 = Debug|Any CPU
		{B372DE75-6CC2-47D0-BEB9-8AAC9240AF0A}.Release|Any CPU.ActiveCfg = Release|Any CPU
		{B372DE75-6CC2-47D0-BEB9-8AAC9240AF0A}.Release|Any CPU.Build.0 = Release|Any CPU
		{B372DE75-6CC2-47D0-BEB9-8AAC9240AF0A}.Release|x64.ActiveCfg = Release|Any CPU
		{B372DE75-6CC2-47D0-BEB9-8AAC9240AF0A}.Release|x64.Build.0 = Release|Any CPU
		{B372DE75-6CC2-47D0-BEB9-8AAC9240AF0A}.Release|x86.ActiveCfg = Release|Any CPU
		{B372DE75-6CC2-47D0-BEB9-8AAC9240AF0A}.Release|x86.Build.0 = Release|Any CPU
		{8C2E7B78-83E4-4293-84D0-D9F96AC22A80}.Debug|Any CPU.ActiveCfg = Debug|Any CPU
		{8C2E7B78-83E4-4293-84D0-D9F96AC22A80}.Debug|Any CPU.Build.0 = Debug|Any CPU
		{8C2E7B78-83E4-4293-84D0-D9F96AC22A80}.Debug|x64.ActiveCfg = Debug|Any CPU
		{8C2E7B78-83E4-4293-84D0-D9F96AC22A80}.Debug|x64.Build.0 = Debug|Any CPU
		{8C2E7B78-83E4-4293-84D0-D9F96AC22A80}.Debug|x86.ActiveCfg = Debug|Any CPU
		{8C2E7B78-83E4-4293-84D0-D9F96AC22A80}.Debug|x86.Build.0 = Debug|Any CPU
		{8C2E7B78-83E4-4293-84D0-D9F96AC22A80}.Release|Any CPU.ActiveCfg = Release|Any CPU
		{8C2E7B78-83E4-4293-84D0-D9F96AC22A80}.Release|Any CPU.Build.0 = Release|Any CPU
		{8C2E7B78-83E4-4293-84D0-D9F96AC22A80}.Release|x64.ActiveCfg = Release|Any CPU
		{8C2E7B78-83E4-4293-84D0-D9F96AC22A80}.Release|x64.Build.0 = Release|Any CPU
		{8C2E7B78-83E4-4293-84D0-D9F96AC22A80}.Release|x86.ActiveCfg = Release|Any CPU
		{8C2E7B78-83E4-4293-84D0-D9F96AC22A80}.Release|x86.Build.0 = Release|Any CPU
		{12963135-68A8-4106-8FC2-7FE1A7D6BE25}.Debug|Any CPU.ActiveCfg = Debug|Any CPU
		{12963135-68A8-4106-8FC2-7FE1A7D6BE25}.Debug|Any CPU.Build.0 = Debug|Any CPU
		{12963135-68A8-4106-8FC2-7FE1A7D6BE25}.Debug|x64.ActiveCfg = Debug|Any CPU
		{12963135-68A8-4106-8FC2-7FE1A7D6BE25}.Debug|x64.Build.0 = Debug|Any CPU
		{12963135-68A8-4106-8FC2-7FE1A7D6BE25}.Debug|x86.ActiveCfg = Debug|Any CPU
		{12963135-68A8-4106-8FC2-7FE1A7D6BE25}.Debug|x86.Build.0 = Debug|Any CPU
		{12963135-68A8-4106-8FC2-7FE1A7D6BE25}.Release|Any CPU.ActiveCfg = Release|Any CPU
		{12963135-68A8-4106-8FC2-7FE1A7D6BE25}.Release|Any CPU.Build.0 = Release|Any CPU
		{12963135-68A8-4106-8FC2-7FE1A7D6BE25}.Release|x64.ActiveCfg = Release|Any CPU
		{12963135-68A8-4106-8FC2-7FE1A7D6BE25}.Release|x64.Build.0 = Release|Any CPU
		{12963135-68A8-4106-8FC2-7FE1A7D6BE25}.Release|x86.ActiveCfg = Release|Any CPU
		{12963135-68A8-4106-8FC2-7FE1A7D6BE25}.Release|x86.Build.0 = Release|Any CPU
		{7E3E3718-88C4-4E1A-B1A5-47AAB800809D}.Debug|Any CPU.ActiveCfg = Debug|Any CPU
		{7E3E3718-88C4-4E1A-B1A5-47AAB800809D}.Debug|Any CPU.Build.0 = Debug|Any CPU
		{7E3E3718-88C4-4E1A-B1A5-47AAB800809D}.Debug|x64.ActiveCfg = Debug|Any CPU
		{7E3E3718-88C4-4E1A-B1A5-47AAB800809D}.Debug|x64.Build.0 = Debug|Any CPU
		{7E3E3718-88C4-4E1A-B1A5-47AAB800809D}.Debug|x86.ActiveCfg = Debug|Any CPU
		{7E3E3718-88C4-4E1A-B1A5-47AAB800809D}.Debug|x86.Build.0 = Debug|Any CPU
		{7E3E3718-88C4-4E1A-B1A5-47AAB800809D}.Release|Any CPU.ActiveCfg = Release|Any CPU
		{7E3E3718-88C4-4E1A-B1A5-47AAB800809D}.Release|Any CPU.Build.0 = Release|Any CPU
		{7E3E3718-88C4-4E1A-B1A5-47AAB800809D}.Release|x64.ActiveCfg = Release|Any CPU
		{7E3E3718-88C4-4E1A-B1A5-47AAB800809D}.Release|x64.Build.0 = Release|Any CPU
		{7E3E3718-88C4-4E1A-B1A5-47AAB800809D}.Release|x86.ActiveCfg = Release|Any CPU
		{7E3E3718-88C4-4E1A-B1A5-47AAB800809D}.Release|x86.Build.0 = Release|Any CPU
		{41D6D524-FB23-475E-B912-72DCA05C45AC}.Debug|Any CPU.ActiveCfg = Debug|Any CPU
		{41D6D524-FB23-475E-B912-72DCA05C45AC}.Debug|Any CPU.Build.0 = Debug|Any CPU
		{41D6D524-FB23-475E-B912-72DCA05C45AC}.Debug|x64.ActiveCfg = Debug|Any CPU
		{41D6D524-FB23-475E-B912-72DCA05C45AC}.Debug|x64.Build.0 = Debug|Any CPU
		{41D6D524-FB23-475E-B912-72DCA05C45AC}.Debug|x86.ActiveCfg = Debug|Any CPU
		{41D6D524-FB23-475E-B912-72DCA05C45AC}.Debug|x86.Build.0 = Debug|Any CPU
		{41D6D524-FB23-475E-B912-72DCA05C45AC}.Release|Any CPU.ActiveCfg = Release|Any CPU
		{41D6D524-FB23-475E-B912-72DCA05C45AC}.Release|Any CPU.Build.0 = Release|Any CPU
		{41D6D524-FB23-475E-B912-72DCA05C45AC}.Release|x64.ActiveCfg = Release|Any CPU
		{41D6D524-FB23-475E-B912-72DCA05C45AC}.Release|x64.Build.0 = Release|Any CPU
		{41D6D524-FB23-475E-B912-72DCA05C45AC}.Release|x86.ActiveCfg = Release|Any CPU
		{41D6D524-FB23-475E-B912-72DCA05C45AC}.Release|x86.Build.0 = Release|Any CPU
	EndGlobalSection
	GlobalSection(SolutionProperties) = preSolution
		HideSolutionNode = FALSE
	EndGlobalSection
	GlobalSection(ExtensibilityGlobals) = postSolution
		SolutionGuid = {B854A8E7-78A8-49A8-B59A-ACAB2CC4FD2B}
	EndGlobalSection
EndGlobal
